
Microsoft Visual Studio Solution File, Format Version 12.00
# Visual Studio Version 17
VisualStudioVersion = 17.6.33829.357
MinimumVisualStudioVersion = 10.0.40219.1
Project("{FAE04EC0-301F-11D3-BF4B-00C04F79EFBC}") = "Emoloyee", "Emoloyee\Emoloyee.csproj", "{633E0F9F-C766-4BC0-9C20-E9B8FFA31580}"
EndProject
Global
	GlobalSection(SolutionConfigurationPlatforms) = preSolution
		Debug|Any CPU = Debug|Any CPU
		Release|Any CPU = Release|Any CPU
	EndGlobalSection
	GlobalSection(ProjectConfigurationPlatforms) = postSolution
		{633E0F9F-C766-4BC0-9C20-E9B8FFA31580}.Debug|Any CPU.ActiveCfg = Debug|Any CPU
		{633E0F9F-C766-4BC0-9C20-E9B8FFA31580}.Debug|Any CPU.Build.0 = Debug|Any CPU
		{633E0F9F-C766-4BC0-9C20-E9B8FFA31580}.Release|Any CPU.ActiveCfg = Release|Any CPU
		{633E0F9F-C766-4BC0-9C20-E9B8FFA31580}.Release|Any CPU.Build.0 = Release|Any CPU
	EndGlobalSection
	GlobalSection(SolutionProperties) = preSolution
		HideSolutionNode = FALSE
	EndGlobalSection
	GlobalSection(ExtensibilityGlobals) = postSolution
		SolutionGuid = {D1A92D51-5D3B-4119-BB32-BA24425D2ACB}
	EndGlobalSection
EndGlobal
